# THIS IS AN AUTOGENERATED FILE. DO NOT EDIT THIS FILE DIRECTLY.
# yarn lockfile v1


prettier@^3:
  version "3.8.1"
  resolved "https://registry.yarnpkg.com/prettier/-/prettier-3.8.1.tgz#edf48977cf991558f4fcbd8a3ba6015ba2a3a173"
  integrity sha512-UOnG6LftzbdaHZcKoPFtOcCKztrQ57WkHDeRD9t/PTQtmT0NHSeWWepj6pS0z/N7+08BHFDQVUrfmfMRcZwbMg==

turbo-darwin-64@2.8.17:
  version "2.8.17"
  resolved "https://registry.yarnpkg.com/turbo-darwin-64/-/turbo-darwin-64-2.8.17.tgz#265fe92ca6c923fae0c688b2dbcce5602e121221"
  integrity sha512-ZFkv2hv7zHpAPEXBF6ouRRXshllOavYc+jjcrYyVHvxVTTwJWsBZwJ/gpPzmOKGvkSjsEyDO5V6aqqtZzwVF+Q==

turbo-darwin-arm64@2.8.17:
  version "2.8.17"
  resolved "https://registry.yarnpkg.com/turbo-darwin-arm64/-/turbo-darwin-arm64-2.8.17.tgz#0a0fd172a0ea28cc10e494ccf56f8e44301cdd2d"
  integrity sha512-5DXqhQUt24ycEryXDfMNKEkW5TBHs+QmU23a2qxXwwFDaJsWcPo2obEhBxxdEPOv7qmotjad+09RGeWCcJ9JDw==

turbo-linux-64@2.8.17:
  version "2.8.17"
  resolved "https://registry.yarnpkg.com/turbo-linux-64/-/turbo-linux-64-2.8.17.tgz#d4361e48bb0b3c849200723157ecfa085fe465dd"
  integrity sha512-KLUbz6w7F73D/Ihh51hVagrKR0/CTsPEbRkvXLXvoND014XJ4BCrQUqSxlQ4/hu+nqp1v5WlM85/h3ldeyujuA==

turbo-linux-arm64@2.8.17:
  version "2.8.17"
  resolved "https://registry.yarnpkg.com/turbo-linux-arm64/-/turbo-linux-arm64-2.8.17.tgz#3fc2d0c93786874651b679ea7a269e3449b2463c"
  integrity sha512-pJK67XcNJH40lTAjFu7s/rUlobgVXyB3A3lDoq+/JccB3hf+SysmkpR4Itlc93s8LEaFAI4mamhFuTV17Z6wOg==

turbo-windows-64@2.8.17:
  version "2.8.17"
  resolved "https://registry.yarnpkg.com/turbo-windows-64/-/turbo-windows-64-2.8.17.tgz#67f45f883fef586f12807d332702fb8009cce1af"
  integrity sha512-EijeQ6zszDMmGZLP2vT2RXTs/GVi9rM0zv2/G4rNu2SSRSGFapgZdxgW4b5zUYLVaSkzmkpWlGfPfj76SW9yUg==

turbo-windows-arm64@2.8.17:
  version "2.8.17"
  resolved "https://registry.yarnpkg.com/turbo-windows-arm64/-/turbo-windows-arm64-2.8.17.tgz#e3c2a471f6f64e1e4084bd3e51d219cbd6e60608"
  integrity sha512-crpfeMPkfECd4V1PQ/hMoiyVcOy04+bWedu/if89S15WhOalHZ2BYUi6DOJhZrszY+mTT99OwpOsj4wNfb/GHQ==

turbo@^2:
  version "2.8.17"
  resolved "https://registry.yarnpkg.com/turbo/-/turbo-2.8.17.tgz#45abeefe9d2ee06bc69c906e8384514b49822dbc"
  integrity sha512-YwPsNSqU2f/RXU/+Kcb7cPkPZARxom4+me7LKEdN5jsvy2tpfze3zDZ4EiGrJnvOm9Avu9rK0aaYsP7qZ3iz7A==
  optionalDependencies:
    turbo-darwin-64 "2.8.17"
    turbo-darwin-arm64 "2.8.17"
    turbo-linux-64 "2.8.17"
    turbo-linux-arm64 "2.8.17"
    turbo-windows-64 "2.8.17"
    turbo-windows-arm64 "2.8.17"

typescript@^5.5:
  version "5.9.3"
  resolved "https://registry.yarnpkg.com/typescript/-/typescript-5.9.3.tgz#5b4f59e15310ab17a216f5d6cf53ee476ede670f"
  integrity sha512-jl1vZzPDinLr9eUt3J/t7V6FgNEw9QjvBPdysz9KfQDD41fQrC2Y4vKQdiaUpFT4bXlb1RHhLpp8wtm6M5TgSw==
